
Microsoft Visual Studio Solution File, Format Version 12.00
# Visual Studio Version 17
VisualStudioVersion = 17.7.34024.191
MinimumVisualStudioVersion = 10.0.40219.1
Project("{FAE04EC0-301F-11D3-BF4B-00C04F79EFBC}") = "XMLtoJSON", "XMLtoJSON\XMLtoJSON.csproj", "{5F23E83B-DD22-41A3-800F-4A04ADA529CB}"
EndProject
Global
	GlobalSection(SolutionConfigurationPlatforms) = preSolution
		Debug|Any CPU = Debug|Any CPU
		Release|Any CPU = Release|Any CPU
	EndGlobalSection
	GlobalSection(ProjectConfigurationPlatforms) = postSolution
		{5F23E83B-DD22-41A3-800F-4A04ADA529CB}.Debug|Any CPU.ActiveCfg = Debug|Any CPU
		{5F23E83B-DD22-41A3-800F-4A04ADA529CB}.Debug|Any CPU.Build.0 = Debug|Any CPU
		{5F23E83B-DD22-41A3-800F-4A04ADA529CB}.Release|Any CPU.ActiveCfg = Release|Any CPU
		{5F23E83B-DD22-41A3-800F-4A04ADA529CB}.Release|Any CPU.Build.0 = Release|Any CPU
	EndGlobalSection
	GlobalSection(SolutionProperties) = preSolution
		HideSolutionNode = FALSE
	EndGlobalSection
	GlobalSection(ExtensibilityGlobals) = postSolution
		SolutionGuid = {504FA144-9DBC-4962-B09F-21951FE99C89}
	EndGlobalSection
EndGlobal
